
Microsoft Visual Studio Solution File, Format Version 12.00
# Visual Studio Version 16
VisualStudioVersion = 16.0.809.9
MinimumVisualStudioVersion = 10.0.40219.1
Project("{FAE04EC0-301F-11D3-BF4B-00C04F79EFBC}") = "DynamicProgramming", "DynamicProgramming\DynamicProgramming.csproj", "{B4686E1E-55F1-48A0-BB82-40CE5BDB5818}"
EndProject
Global
	GlobalSection(SolutionConfigurationPlatforms) = preSolution
		Debug|anycpu = Debug|anycpu
		Release|anycpu = Release|anycpu
	EndGlobalSection
	GlobalSection(ProjectConfigurationPlatforms) = postSolution
		{B4686E1E-55F1-48A0-BB82-40CE5BDB5818}.Debug|anycpu.ActiveCfg = Debug|anycpu
		{B4686E1E-55F1-48A0-BB82-40CE5BDB5818}.Debug|anycpu.Build.0 = Debug|anycpu
		{B4686E1E-55F1-48A0-BB82-40CE5BDB5818}.Release|anycpu.ActiveCfg = Release|anycpu
		{B4686E1E-55F1-48A0-BB82-40CE5BDB5818}.Release|anycpu.Build.0 = Release|anycpu
	EndGlobalSection
	GlobalSection(SolutionProperties) = preSolution
		HideSolutionNode = FALSE
	EndGlobalSection
	GlobalSection(ExtensibilityGlobals) = postSolution
		SolutionGuid = {2231828B-0ECF-4B07-89A5-D524CCC99019}
	EndGlobalSection
EndGlobal
